
Microsoft Visual Studio Solution File, Format Version 12.00
# Visual Studio Version 17
VisualStudioVersion = 17.14.36717.8 d17.14
MinimumVisualStudioVersion = 10.0.40219.1
Project("{FAE04EC0-301F-11D3-BF4B-00C04F79EFBC}") = "SurveyBasket.Api", "SurveyBasket.Api\SurveyBasket.Api.csproj", "{731E5C9D-F2AA-4F2D-B147-8AFA289CB807}"
EndProject
Global
	GlobalSection(SolutionConfigurationPlatforms) = preSolution
		Debug|Any CPU = Debug|Any CPU
		Release|Any CPU = Release|Any CPU
	EndGlobalSection
	GlobalSection(ProjectConfigurationPlatforms) = postSolution
		{731E5C9D-F2AA-4F2D-B147-8AFA289CB807}.Debug|Any CPU.ActiveCfg = Debug|Any CPU
		{731E5C9D-F2AA-4F2D-B147-8AFA289CB807}.Debug|Any CPU.Build.0 = Debug|Any CPU
		{731E5C9D-F2AA-4F2D-B147-8AFA289CB807}.Release|Any CPU.ActiveCfg = Release|Any CPU
		{731E5C9D-F2AA-4F2D-B147-8AFA289CB807}.Release|Any CPU.Build.0 = Release|Any CPU
	EndGlobalSection
	GlobalSection(SolutionProperties) = preSolution
		HideSolutionNode = FALSE
	EndGlobalSection
	GlobalSection(ExtensibilityGlobals) = postSolution
		SolutionGuid = {F6133F39-93B4-4886-AF57-413B00935E91}
	EndGlobalSection
EndGlobal
